// !$*UTF8*$!
{
	archiveVersion = 1;
	classes = {
	};
	objectVersion = 51;
	objects = {

/* Begin PBXBuildFile section */
		6610207E282237B000F47CBF /* NetworkService.swift in Sources */ = {isa = PBXBuildFile; fileRef = 6610207D282237B000F47CBF /* NetworkService.swift */; };
		661020812822959C00F47CBF /* NetworkDataFetcher.swift in Sources */ = {isa = PBXBuildFile; fileRef = 661020802822959C00F47CBF /* NetworkDataFetcher.swift */; };
		66102084282295F100F47CBF /* SearchResults.swift in Sources */ = {isa = PBXBuildFile; fileRef = 66102083282295F100F47CBF /* SearchResults.swift */; };
		661020872822DFEA00F47CBF /* PhotosCell.swift in Sources */ = {isa = PBXBuildFile; fileRef = 661020862822DFEA00F47CBF /* PhotosCell.swift */; };
		6646F665282202330006488F /* AppDelegate.swift in Sources */ = {isa = PBXBuildFile; fileRef = 6646F664282202330006488F /* AppDelegate.swift */; };
		6646F667282202330006488F /* SceneDelegate.swift in Sources */ = {isa = PBXBuildFile; fileRef = 6646F666282202330006488F /* SceneDelegate.swift */; };
		6646F66C282202330006488F /* Main.storyboard in Resources */ = {isa = PBXBuildFile; fileRef = 6646F66A282202330006488F /* Main.storyboard */; };
		6646F66E2822023A0006488F /* Assets.xcassets in Resources */ = {isa = PBXBuildFile; fileRef = 6646F66D2822023A0006488F /* Assets.xcassets */; };
		6646F6712822023A0006488F /* LaunchScreen.storyboard in Resources */ = {isa = PBXBuildFile; fileRef = 6646F66F2822023A0006488F /* LaunchScreen.storyboard */; };
		6646F67A282202B80006488F /* .gitignore in Resources */ = {isa = PBXBuildFile; fileRef = 6646F679282202B80006488F /* .gitignore */; };
		6646F67E282203BA0006488F /* MainTabBarController.swift in Sources */ = {isa = PBXBuildFile; fileRef = 6646F67D282203BA0006488F /* MainTabBarController.swift */; };
		6646F681282205280006488F /* PhotosCollectionViewController.swift in Sources */ = {isa = PBXBuildFile; fileRef = 6646F680282205280006488F /* PhotosCollectionViewController.swift */; };
		66E744182824594200E5588E /* DetailViewController.swift in Sources */ = {isa = PBXBuildFile; fileRef = 66E744172824594200E5588E /* DetailViewController.swift */; };
		66E744282826CD8A00E5588E /* LikesTableViewController.swift in Sources */ = {isa = PBXBuildFile; fileRef = 66E744272826CD8A00E5588E /* LikesTableViewController.swift */; };
		66E7442B2826CE0300E5588E /* LikesTableViewCell.swift in Sources */ = {isa = PBXBuildFile; fileRef = 66E7442A2826CE0300E5588E /* LikesTableViewCell.swift */; };
		66F7DBFA2827E3B300E0BA4B /* Storage.swift in Sources */ = {isa = PBXBuildFile; fileRef = 66F7DBF92827E3B300E0BA4B /* Storage.swift */; };
		66F7DC032829912600E0BA4B /* Key.plist in Resources */ = {isa = PBXBuildFile; fileRef = 66F7DC022829912600E0BA4B /* Key.plist */; };
		CF1664FD11FF5D183C891F7E /* Pods_PhotoGallery.framework in Frameworks */ = {isa = PBXBuildFile; fileRef = C2E471BB18B1390FB40719E6 /* Pods_PhotoGallery.framework */; };
/* End PBXBuildFile section */

/* Begin PBXFileReference section */
		6610207D282237B000F47CBF /* NetworkService.swift */ = {isa = PBXFileReference; lastKnownFileType = sourcecode.swift; path = NetworkService.swift; sourceTree = "<group>"; };
		661020802822959C00F47CBF /* NetworkDataFetcher.swift */ = {isa = PBXFileReference; lastKnownFileType = sourcecode.swift; path = NetworkDataFetcher.swift; sourceTree = "<group>"; };
		66102083282295F100F47CBF /* SearchResults.swift */ = {isa = PBXFileReference; lastKnownFileType = sourcecode.swift; path = SearchResults.swift; sourceTree = "<group>"; };
		661020862822DFEA00F47CBF /* PhotosCell.swift */ = {isa = PBXFileReference; lastKnownFileType = sourcecode.swift; path = PhotosCell.swift; sourceTree = "<group>"; };
		6646F661282202330006488F /* PhotoGallery.app */ = {isa = PBXFileReference; explicitFileType = wrapper.application; includeInIndex = 0; path = PhotoGallery.app; sourceTree = BUILT_PRODUCTS_DIR; };
		6646F664282202330006488F /* AppDelegate.swift */ = {isa = PBXFileReference; lastKnownFileType = sourcecode.swift; path = AppDelegate.swift; sourceTree = "<group>"; };
		6646F666282202330006488F /* SceneDelegate.swift */ = {isa = PBXFileReference; lastKnownFileType = sourcecode.swift; path = SceneDelegate.swift; sourceTree = "<group>"; };
		6646F66B282202330006488F /* Base */ = {isa = PBXFileReference; lastKnownFileType = file.storyboard; name = Base; path = Base.lproj/Main.storyboard; sourceTree = "<group>"; };
		6646F66D2822023A0006488F /* Assets.xcassets */ = {isa = PBXFileReference; lastKnownFileType = folder.assetcatalog; path = Assets.xcassets; sourceTree = "<group>"; };
		6646F6702822023A0006488F /* Base */ = {isa = PBXFileReference; lastKnownFileType = file.storyboard; name = Base; path = Base.lproj/LaunchScreen.storyboard; sourceTree = "<group>"; };
		6646F6722822023A0006488F /* Info.plist */ = {isa = PBXFileReference; lastKnownFileType = text.plist.xml; path = Info.plist; sourceTree = "<group>"; };
		6646F679282202B80006488F /* .gitignore */ = {isa = PBXFileReference; lastKnownFileType = text; path = .gitignore; sourceTree = "<group>"; };
		6646F67D282203BA0006488F /* MainTabBarController.swift */ = {isa = PBXFileReference; lastKnownFileType = sourcecode.swift; path = MainTabBarController.swift; sourceTree = "<group>"; };
		6646F680282205280006488F /* PhotosCollectionViewController.swift */ = {isa = PBXFileReference; lastKnownFileType = sourcecode.swift; path = PhotosCollectionViewController.swift; sourceTree = "<group>"; };
		66E744172824594200E5588E /* DetailViewController.swift */ = {isa = PBXFileReference; lastKnownFileType = sourcecode.swift; path = DetailViewController.swift; sourceTree = "<group>"; };
		66E744272826CD8A00E5588E /* LikesTableViewController.swift */ = {isa = PBXFileReference; lastKnownFileType = sourcecode.swift; path = LikesTableViewController.swift; sourceTree = "<group>"; };
		66E7442A2826CE0300E5588E /* LikesTableViewCell.swift */ = {isa = PBXFileReference; lastKnownFileType = sourcecode.swift; path = LikesTableViewCell.swift; sourceTree = "<group>"; };
		66F7DBF92827E3B300E0BA4B /* Storage.swift */ = {isa = PBXFileReference; lastKnownFileType = sourcecode.swift; path = Storage.swift; sourceTree = "<group>"; };
		66F7DC022829912600E0BA4B /* Key.plist */ = {isa = PBXFileReference; lastKnownFileType = text.plist.xml; path = Key.plist; sourceTree = "<group>"; };
		C2E471BB18B1390FB40719E6 /* Pods_PhotoGallery.framework */ = {isa = PBXFileReference; explicitFileType = wrapper.framework; includeInIndex = 0; path = Pods_PhotoGallery.framework; sourceTree = BUILT_PRODUCTS_DIR; };
		D2919279EEAD6B41F1AEF3C9 /* Pods-PhotoGallery.release.xcconfig */ = {isa = PBXFileReference; includeInIndex = 1; lastKnownFileType = text.xcconfig; name = "Pods-PhotoGallery.release.xcconfig"; path = "Target Support Files/Pods-PhotoGallery/Pods-PhotoGallery.release.xcconfig"; sourceTree = "<group>"; };
		EE13A2AEBBF5A9F13CA27A77 /* Pods-PhotoGallery.debug.xcconfig */ = {isa = PBXFileReference; includeInIndex = 1; lastKnownFileType = text.xcconfig; name = "Pods-PhotoGallery.debug.xcconfig"; path = "Target Support Files/Pods-PhotoGallery/Pods-PhotoGallery.debug.xcconfig"; sourceTree = "<group>"; };
/* End PBXFileReference section */

/* Begin PBXFrameworksBuildPhase section */
		6646F65E282202330006488F /* Frameworks */ = {
			isa = PBXFrameworksBuildPhase;
			buildActionMask = 2147483647;
			files = (
				CF1664FD11FF5D183C891F7E /* Pods_PhotoGallery.framework in Frameworks */,
			);
			runOnlyForDeploymentPostprocessing = 0;
		};
/* End PBXFrameworksBuildPhase section */

/* Begin PBXGroup section */
		56C218BE3305D4E48AEEDF42 /* Frameworks */ = {
			isa = PBXGroup;
			children = (
				C2E471BB18B1390FB40719E6 /* Pods_PhotoGallery.framework */,
			);
			name = Frameworks;
			sourceTree = "<group>";
		};
		6646F658282202330006488F = {
			isa = PBXGroup;
			children = (
				6646F663282202330006488F /* PhotoGallery */,
				6646F662282202330006488F /* Products */,
				C47A3FD490D8508BFADE45AC /* Pods */,
				56C218BE3305D4E48AEEDF42 /* Frameworks */,
			);
			sourceTree = "<group>";
		};
		6646F662282202330006488F /* Products */ = {
			isa = PBXGroup;
			children = (
				6646F661282202330006488F /* PhotoGallery.app */,
			);
			name = Products;
			sourceTree = "<group>";
		};
		6646F663282202330006488F /* PhotoGallery */ = {
			isa = PBXGroup;
			children = (
				66F7DC0A2829A35C00E0BA4B /* Supporting */,
				66E7441C28245B2800E5588E /* Model */,
				66F7DC082829A2D000E0BA4B /* View */,
				66F7DC0628299DC100E0BA4B /* Controller */,
				66E7441B28245B0F00E5588E /* Service */,
				6646F6722822023A0006488F /* Info.plist */,
			);
			path = PhotoGallery;
			sourceTree = "<group>";
		};
		66E7441B28245B0F00E5588E /* Service */ = {
			isa = PBXGroup;
			children = (
				6610207D282237B000F47CBF /* NetworkService.swift */,
				661020802822959C00F47CBF /* NetworkDataFetcher.swift */,
				66F7DBF92827E3B300E0BA4B /* Storage.swift */,
			);
			name = Service;
			sourceTree = "<group>";
		};
		66E7441C28245B2800E5588E /* Model */ = {
			isa = PBXGroup;
			children = (
				66102083282295F100F47CBF /* SearchResults.swift */,
			);
			path = Model;
			sourceTree = "<group>";
		};
		66F7DC0628299DC100E0BA4B /* Controller */ = {
			isa = PBXGroup;
			children = (
				6646F67D282203BA0006488F /* MainTabBarController.swift */,
				6646F680282205280006488F /* PhotosCollectionViewController.swift */,
				66E744272826CD8A00E5588E /* LikesTableViewController.swift */,
				66E744172824594200E5588E /* DetailViewController.swift */,
				66F7DC072829A2A000E0BA4B /* Cell */,
			);
			path = Controller;
			sourceTree = "<group>";
		};
		66F7DC072829A2A000E0BA4B /* Cell */ = {
			isa = PBXGroup;
			children = (
				661020862822DFEA00F47CBF /* PhotosCell.swift */,
				66E7442A2826CE0300E5588E /* LikesTableViewCell.swift */,
			);
			path = Cell;
			sourceTree = "<group>";
		};
		66F7DC082829A2D000E0BA4B /* View */ = {
			isa = PBXGroup;
			children = (
				6646F66A282202330006488F /* Main.storyboard */,
				6646F66F2822023A0006488F /* LaunchScreen.storyboard */,
			);
			path = View;
			sourceTree = "<group>";
		};
		66F7DC0A2829A35C00E0BA4B /* Supporting */ = {
			isa = PBXGroup;
			children = (
				66F7DC022829912600E0BA4B /* Key.plist */,
				6646F664282202330006488F /* AppDelegate.swift */,
				6646F666282202330006488F /* SceneDelegate.swift */,
				6646F66D2822023A0006488F /* Assets.xcassets */,
				6646F679282202B80006488F /* .gitignore */,
			);
			path = Supporting;
			sourceTree = "<group>";
		};
		C47A3FD490D8508BFADE45AC /* Pods */ = {
			isa = PBXGroup;
			children = (
				EE13A2AEBBF5A9F13CA27A77 /* Pods-PhotoGallery.debug.xcconfig */,
				D2919279EEAD6B41F1AEF3C9 /* Pods-PhotoGallery.release.xcconfig */,
			);
			path = Pods;
			sourceTree = "<group>";
		};
/* End PBXGroup section */

/* Begin PBXNativeTarget section */
		6646F660282202330006488F /* PhotoGallery */ = {
			isa = PBXNativeTarget;
			buildConfigurationList = 6646F6752822023A0006488F /* Build configuration list for PBXNativeTarget "PhotoGallery" */;
			buildPhases = (
				17D5CCB3B24C13C506309BD5 /* [CP] Check Pods Manifest.lock */,
				6646F65D282202330006488F /* Sources */,
				6646F65E282202330006488F /* Frameworks */,
				6646F65F282202330006488F /* Resources */,
				53676E8F32F132CBAC578CB3 /* [CP] Embed Pods Frameworks */,
			);
			buildRules = (
			);
			dependencies = (
			);
			name = PhotoGallery;
			productName = PhotoGallery;
			productReference = 6646F661282202330006488F /* PhotoGallery.app */;
			productType = "com.apple.product-type.application";
		};
/* End PBXNativeTarget section */

/* Begin PBXProject section */
		6646F659282202330006488F /* Project object */ = {
			isa = PBXProject;
			attributes = {
				LastSwiftUpdateCheck = 1220;
				LastUpgradeCheck = 1220;
				TargetAttributes = {
					6646F660282202330006488F = {
						CreatedOnToolsVersion = 12.2;
					};
				};
			};
			buildConfigurationList = 6646F65C282202330006488F /* Build configuration list for PBXProject "PhotoGallery" */;
			compatibilityVersion = "Xcode 9.3";
			developmentRegion = en;
			hasScannedForEncodings = 0;
			knownRegions = (
				en,
				Base,
			);
			mainGroup = 6646F658282202330006488F;
			productRefGroup = 6646F662282202330006488F /* Products */;
			projectDirPath = "";
			projectRoot = "";
			targets = (
				6646F660282202330006488F /* PhotoGallery */,
			);
		};
/* End PBXProject section */

/* Begin PBXResourcesBuildPhase section */
		6646F65F282202330006488F /* Resources */ = {
			isa = PBXResourcesBuildPhase;
			buildActionMask = 2147483647;
			files = (
				6646F67A282202B80006488F /* .gitignore in Resources */,
				6646F6712822023A0006488F /* LaunchScreen.storyboard in Resources */,
				6646F66E2822023A0006488F /* Assets.xcassets in Resources */,
				66F7DC032829912600E0BA4B /* Key.plist in Resources */,
				6646F66C282202330006488F /* Main.storyboard in Resources */,
			);
			runOnlyForDeploymentPostprocessing = 0;
		};
/* End PBXResourcesBuildPhase section */

/* Begin PBXShellScriptBuildPhase section */
		17D5CCB3B24C13C506309BD5 /* [CP] Check Pods Manifest.lock */ = {
			isa = PBXShellScriptBuildPhase;
			buildActionMask = 2147483647;
			files = (
			);
			inputFileListPaths = (
			);
			inputPaths = (
				"${PODS_PODFILE_DIR_PATH}/Podfile.lock",
				"${PODS_ROOT}/Manifest.lock",
			);
			name = "[CP] Check Pods Manifest.lock";
			outputFileListPaths = (
			);
			outputPaths = (
				"$(DERIVED_FILE_DIR)/Pods-PhotoGallery-checkManifestLockResult.txt",
			);
			runOnlyForDeploymentPostprocessing = 0;
			shellPath = /bin/sh;
			shellScript = "diff \"${PODS_PODFILE_DIR_PATH}/Podfile.lock\" \"${PODS_ROOT}/Manifest.lock\" > /dev/null\nif [ $? != 0 ] ; then\n    # print error to STDERR\n    echo \"error: The sandbox is not in sync with the Podfile.lock. Run 'pod install' or update your CocoaPods installation.\" >&2\n    exit 1\nfi\n# This output is used by Xcode 'outputs' to avoid re-running this script phase.\necho \"SUCCESS\" > \"${SCRIPT_OUTPUT_FILE_0}\"\n";
			showEnvVarsInLog = 0;
		};
		53676E8F32F132CBAC578CB3 /* [CP] Embed Pods Frameworks */ = {
			isa = PBXShellScriptBuildPhase;
			buildActionMask = 2147483647;
			files = (
			);
			inputFileListPaths = (
				"${PODS_ROOT}/Target Support Files/Pods-PhotoGallery/Pods-PhotoGallery-frameworks-${CONFIGURATION}-input-files.xcfilelist",
			);
			name = "[CP] Embed Pods Frameworks";
			outputFileListPaths = (
				"${PODS_ROOT}/Target Support Files/Pods-PhotoGallery/Pods-PhotoGallery-frameworks-${CONFIGURATION}-output-files.xcfilelist",
			);
			runOnlyForDeploymentPostprocessing = 0;
			shellPath = /bin/sh;
			shellScript = "\"${PODS_ROOT}/Target Support Files/Pods-PhotoGallery/Pods-PhotoGallery-frameworks.sh\"\n";
			showEnvVarsInLog = 0;
		};
/* End PBXShellScriptBuildPhase section */

/* Begin PBXSourcesBuildPhase section */
		6646F65D282202330006488F /* Sources */ = {
			isa = PBXSourcesBuildPhase;
			buildActionMask = 2147483647;
			files = (
				66F7DBFA2827E3B300E0BA4B /* Storage.swift in Sources */,
				661020812822959C00F47CBF /* NetworkDataFetcher.swift in Sources */,
				661020872822DFEA00F47CBF /* PhotosCell.swift in Sources */,
				66E7442B2826CE0300E5588E /* LikesTableViewCell.swift in Sources */,
				66E744282826CD8A00E5588E /* LikesTableViewController.swift in Sources */,
				6646F665282202330006488F /* AppDelegate.swift in Sources */,
				6646F67E282203BA0006488F /* MainTabBarController.swift in Sources */,
				6646F681282205280006488F /* PhotosCollectionViewController.swift in Sources */,
				6610207E282237B000F47CBF /* NetworkService.swift in Sources */,
				66E744182824594200E5588E /* DetailViewController.swift in Sources */,
				66102084282295F100F47CBF /* SearchResults.swift in Sources */,
				6646F667282202330006488F /* SceneDelegate.swift in Sources */,
			);
			runOnlyForDeploymentPostprocessing = 0;
		};
/* End PBXSourcesBuildPhase section */

/* Begin PBXVariantGroup section */
		6646F66A282202330006488F /* Main.storyboard */ = {
			isa = PBXVariantGroup;
			children = (
				6646F66B282202330006488F /* Base */,
			);
			name = Main.storyboard;
			sourceTree = "<group>";
		};
		6646F66F2822023A0006488F /* LaunchScreen.storyboard */ = {
			isa = PBXVariantGroup;
			children = (
				6646F6702822023A0006488F /* Base */,
			);
			name = LaunchScreen.storyboard;
			sourceTree = "<group>";
		};
/* End PBXVariantGroup section */

/* Begin XCBuildConfiguration section */
		6646F6732822023A0006488F /* Debug */ = {
			isa = XCBuildConfiguration;
			buildSettings = {
				ALWAYS_SEARCH_USER_PATHS = NO;
				CLANG_ANALYZER_NONNULL = YES;
				CLANG_ANALYZER_NUMBER_OBJECT_CONVERSION = YES_AGGRESSIVE;
				CLANG_CXX_LANGUAGE_STANDARD = "gnu++14";
				CLANG_CXX_LIBRARY = "libc++";
				CLANG_ENABLE_MODULES = YES;
				CLANG_ENABLE_OBJC_ARC = YES;
				CLANG_ENABLE_OBJC_WEAK = YES;
				CLANG_WARN_BLOCK_CAPTURE_AUTORELEASING = YES;
				CLANG_WARN_BOOL_CONVERSION = YES;
				CLANG_WARN_COMMA = YES;
				CLANG_WARN_CONSTANT_CONVERSION = YES;
				CLANG_WARN_DEPRECATED_OBJC_IMPLEMENTATIONS = YES;
				CLANG_WARN_DIRECT_OBJC_ISA_USAGE = YES_ERROR;
				CLANG_WARN_DOCUMENTATION_COMMENTS = YES;
				CLANG_WARN_EMPTY_BODY = YES;
				CLANG_WARN_ENUM_CONVERSION = YES;
				CLANG_WARN_INFINITE_RECURSION = YES;
				CLANG_WARN_INT_CONVERSION = YES;
				CLANG_WARN_NON_LITERAL_NULL_CONVERSION = YES;
				CLANG_WARN_OBJC_IMPLICIT_RETAIN_SELF = YES;
				CLANG_WARN_OBJC_LITERAL_CONVERSION = YES;
				CLANG_WARN_OBJC_ROOT_CLASS = YES_ERROR;
				CLANG_WARN_QUOTED_INCLUDE_IN_FRAMEWORK_HEADER = YES;
				CLANG_WARN_RANGE_LOOP_ANALYSIS = YES;
				CLANG_WARN_STRICT_PROTOTYPES = YES;
				CLANG_WARN_SUSPICIOUS_MOVE = YES;
				CLANG_WARN_UNGUARDED_AVAILABILITY = YES_AGGRESSIVE;
				CLANG_WARN_UNREACHABLE_CODE = YES;
				CLANG_WARN__DUPLICATE_METHOD_MATCH = YES;
				COPY_PHASE_STRIP = NO;
				DEBUG_INFORMATION_FORMAT = dwarf;
				ENABLE_STRICT_OBJC_MSGSEND = YES;
				ENABLE_TESTABILITY = YES;
				GCC_C_LANGUAGE_STANDARD = gnu11;
				GCC_DYNAMIC_NO_PIC = NO;
				GCC_NO_COMMON_BLOCKS = YES;
				GCC_OPTIMIZATION_LEVEL = 0;
				GCC_PREPROCESSOR_DEFINITIONS = (
					"DEBUG=1",
					"$(inherited)",
				);
				GCC_WARN_64_TO_32_BIT_CONVERSION = YES;
				GCC_WARN_ABOUT_RETURN_TYPE = YES_ERROR;
				GCC_WARN_UNDECLARED_SELECTOR = YES;
				GCC_WARN_UNINITIALIZED_AUTOS = YES_AGGRESSIVE;
				GCC_WARN_UNUSED_FUNCTION = YES;
				GCC_WARN_UNUSED_VARIABLE = YES;
				IPHONEOS_DEPLOYMENT_TARGET = 14.2;
				MTL_ENABLE_DEBUG_INFO = INCLUDE_SOURCE;
				MTL_FAST_MATH = YES;
				ONLY_ACTIVE_ARCH = YES;
				SDKROOT = iphoneos;
				SWIFT_ACTIVE_COMPILATION_CONDITIONS = DEBUG;
				SWIFT_OPTIMIZATION_LEVEL = "-Onone";
			};
			name = Debug;
		};
		6646F6742822023A0006488F /* Release */ = {
			isa = XCBuildConfiguration;
			buildSettings = {
				ALWAYS_SEARCH_USER_PATHS = NO;
				CLANG_ANALYZER_NONNULL = YES;
				CLANG_ANALYZER_NUMBER_OBJECT_CONVERSION = YES_AGGRESSIVE;
				CLANG_CXX_LANGUAGE_STANDARD = "gnu++14";
				CLANG_CXX_LIBRARY = "libc++";
				CLANG_ENABLE_MODULES = YES;
				CLANG_ENABLE_OBJC_ARC = YES;
				CLANG_ENABLE_OBJC_WEAK = YES;
				CLANG_WARN_BLOCK_CAPTURE_AUTORELEASING = YES;
				CLANG_WARN_BOOL_CONVERSION = YES;
				CLANG_WARN_COMMA = YES;
				CLANG_WARN_CONSTANT_CONVERSION = YES;
				CLANG_WARN_DEPRECATED_OBJC_IMPLEMENTATIONS = YES;
				CLANG_WARN_DIRECT_OBJC_ISA_USAGE = YES_ERROR;
				CLANG_WARN_DOCUMENTATION_COMMENTS = YES;
				CLANG_WARN_EMPTY_BODY = YES;
				CLANG_WARN_ENUM_CONVERSION = YES;
				CLANG_WARN_INFINITE_RECURSION = YES;
				CLANG_WARN_INT_CONVERSION = YES;
				CLANG_WARN_NON_LITERAL_NULL_CONVERSION = YES;
				CLANG_WARN_OBJC_IMPLICIT_RETAIN_SELF = YES;
				CLANG_WARN_OBJC_LITERAL_CONVERSION = YES;
				CLANG_WARN_OBJC_ROOT_CLASS = YES_ERROR;
				CLANG_WARN_QUOTED_INCLUDE_IN_FRAMEWORK_HEADER = YES;
				CLANG_WARN_RANGE_LOOP_ANALYSIS = YES;
				CLANG_WARN_STRICT_PROTOTYPES = YES;
				CLANG_WARN_SUSPICIOUS_MOVE = YES;
				CLANG_WARN_UNGUARDED_AVAILABILITY = YES_AGGRESSIVE;
				CLANG_WARN_UNREACHABLE_CODE = YES;
				CLANG_WARN__DUPLICATE_METHOD_MATCH = YES;
				COPY_PHASE_STRIP = NO;
				DEBUG_INFORMATION_FORMAT = "dwarf-with-dsym";
				ENABLE_NS_ASSERTIONS = NO;
				ENABLE_STRICT_OBJC_MSGSEND = YES;
				GCC_C_LANGUAGE_STANDARD = gnu11;
				GCC_NO_COMMON_BLOCKS = YES;
				GCC_WARN_64_TO_32_BIT_CONVERSION = YES;
				GCC_WARN_ABOUT_RETURN_TYPE = YES_ERROR;
				GCC_WARN_UNDECLARED_SELECTOR = YES;
				GCC_WARN_UNINITIALIZED_AUTOS = YES_AGGRESSIVE;
				GCC_WARN_UNUSED_FUNCTION = YES;
				GCC_WARN_UNUSED_VARIABLE = YES;
				IPHONEOS_DEPLOYMENT_TARGET = 14.2;
				MTL_ENABLE_DEBUG_INFO = NO;
				MTL_FAST_MATH = YES;
				SDKROOT = iphoneos;
				SWIFT_COMPILATION_MODE = wholemodule;
				SWIFT_OPTIMIZATION_LEVEL = "-O";
				VALIDATE_PRODUCT = YES;
			};
			name = Release;
		};
		6646F6762822023A0006488F /* Debug */ = {
			isa = XCBuildConfiguration;
			baseConfigurationReference = EE13A2AEBBF5A9F13CA27A77 /* Pods-PhotoGallery.debug.xcconfig */;
			buildSettings = {
				ASSETCATALOG_COMPILER_APPICON_NAME = AppIcon;
				ASSETCATALOG_COMPILER_GLOBAL_ACCENT_COLOR_NAME = AccentColor;
				CODE_SIGN_STYLE = Automatic;
				INFOPLIST_FILE = PhotoGallery/Info.plist;
				LD_RUNPATH_SEARCH_PATHS = (
					"$(inherited)",
					"@executable_path/Frameworks",
				);
				PRODUCT_BUNDLE_IDENTIFIER = "Georgiy-Kiselev.PhotoGallery";
				PRODUCT_NAME = "$(TARGET_NAME)";
				SWIFT_VERSION = 5.0;
				TARGETED_DEVICE_FAMILY = "1,2";
			};
			name = Debug;
		};
		6646F6772822023A0006488F /* Release */ = {
			isa = XCBuildConfiguration;
			baseConfigurationReference = D2919279EEAD6B41F1AEF3C9 /* Pods-PhotoGallery.release.xcconfig */;
			buildSettings = {
				ASSETCATALOG_COMPILER_APPICON_NAME = AppIcon;
				ASSETCATALOG_COMPILER_GLOBAL_ACCENT_COLOR_NAME = AccentColor;
				CODE_SIGN_STYLE = Automatic;
				INFOPLIST_FILE = PhotoGallery/Info.plist;
				LD_RUNPATH_SEARCH_PATHS = (
					"$(inherited)",
					"@executable_path/Frameworks",
				);
				PRODUCT_BUNDLE_IDENTIFIER = "Georgiy-Kiselev.PhotoGallery";
				PRODUCT_NAME = "$(TARGET_NAME)";
				SWIFT_VERSION = 5.0;
				TARGETED_DEVICE_FAMILY = "1,2";
			};
			name = Release;
		};
/* End XCBuildConfiguration section */

/* Begin XCConfigurationList section */
		6646F65C282202330006488F /* Build configuration list for PBXProject "PhotoGallery" */ = {
			isa = XCConfigurationList;
			buildConfigurations = (
				6646F6732822023A0006488F /* Debug */,
				6646F6742822023A0006488F /* Release */,
			);
			defaultConfigurationIsVisible = 0;
			defaultConfigurationName = Release;
		};
		6646F6752822023A0006488F /* Build configuration list for PBXNativeTarget "PhotoGallery" */ = {
			isa = XCConfigurationList;
			buildConfigurations = (
				6646F6762822023A0006488F /* Debug */,
				6646F6772822023A0006488F /* Release */,
			);
			defaultConfigurationIsVisible = 0;
			defaultConfigurationName = Release;
		};
/* End XCConfigurationList section */
	};
	rootObject = 6646F659282202330006488F /* Project object */;
}
